
Microsoft Visual Studio Solution File, Format Version 12.00
# Visual Studio 15
VisualStudioVersion = 15.0.26228.102
MinimumVisualStudioVersion = 10.0.40219.1
Project("{FAE04EC0-301F-11D3-BF4B-00C04F79EFBC}") = "TLCNG.datalayer", "TLCNG.datalayer\TLCNG.datalayer.csproj", "{5FC799E9-DA4B-4D84-8BCB-4733780FCF9F}"
EndProject
Project("{FAE04EC0-301F-11D3-BF4B-00C04F79EFBC}") = "TLCNG.entities", "TLCNG.entities\TLCNG.entities.csproj", "{14508A95-3259-41AF-8FC8-5114B6FD4E62}"
EndProject
Project("{FAE04EC0-301F-11D3-BF4B-00C04F79EFBC}") = "TLCNG.LogicLayer", "TLCNG.LogicLayer\TLCNG.LogicLayer.csproj", "{6D9971D0-5003-4798-A3D8-F3D5ACA2DBD1}"
EndProject
Project("{FAE04EC0-301F-11D3-BF4B-00C04F79EFBC}") = "WEB_APP", "WEB_APP\WEB_APP.csproj", "{5DB5FF0D-0122-48E4-A58B-82228224B1C2}"
EndProject
Global
	GlobalSection(SolutionConfigurationPlatforms) = preSolution
		Debug|Any CPU = Debug|Any CPU
		Release|Any CPU = Release|Any CPU
	EndGlobalSection
	GlobalSection(ProjectConfigurationPlatforms) = postSolution
		{5FC799E9-DA4B-4D84-8BCB-4733780FCF9F}.Debug|Any CPU.ActiveCfg = Debug|Any CPU
		{5FC799E9-DA4B-4D84-8BCB-4733780FCF9F}.Debug|Any CPU.Build.0 = Debug|Any CPU
		{5FC799E9-DA4B-4D84-8BCB-4733780FCF9F}.Release|Any CPU.ActiveCfg = Release|Any CPU
		{5FC799E9-DA4B-4D84-8BCB-4733780FCF9F}.Release|Any CPU.Build.0 = Release|Any CPU
		{14508A95-3259-41AF-8FC8-5114B6FD4E62}.Debug|Any CPU.ActiveCfg = Debug|Any CPU
		{14508A95-3259-41AF-8FC8-5114B6FD4E62}.Debug|Any CPU.Build.0 = Debug|Any CPU
		{14508A95-3259-41AF-8FC8-5114B6FD4E62}.Release|Any CPU.ActiveCfg = Release|Any CPU
		{14508A95-3259-41AF-8FC8-5114B6FD4E62}.Release|Any CPU.Build.0 = Release|Any CPU
		{6D9971D0-5003-4798-A3D8-F3D5ACA2DBD1}.Debug|Any CPU.ActiveCfg = Debug|Any CPU
		{6D9971D0-5003-4798-A3D8-F3D5ACA2DBD1}.Debug|Any CPU.Build.0 = Debug|Any CPU
		{6D9971D0-5003-4798-A3D8-F3D5ACA2DBD1}.Release|Any CPU.ActiveCfg = Release|Any CPU
		{6D9971D0-5003-4798-A3D8-F3D5ACA2DBD1}.Release|Any CPU.Build.0 = Release|Any CPU
		{5DB5FF0D-0122-48E4-A58B-82228224B1C2}.Debug|Any CPU.ActiveCfg = Debug|Any CPU
		{5DB5FF0D-0122-48E4-A58B-82228224B1C2}.Debug|Any CPU.Build.0 = Debug|Any CPU
		{5DB5FF0D-0122-48E4-A58B-82228224B1C2}.Release|Any CPU.ActiveCfg = Release|Any CPU
		{5DB5FF0D-0122-48E4-A58B-82228224B1C2}.Release|Any CPU.Build.0 = Release|Any CPU
	EndGlobalSection
	GlobalSection(SolutionProperties) = preSolution
		HideSolutionNode = FALSE
	EndGlobalSection
EndGlobal
